
Microsoft Visual Studio Solution File, Format Version 12.00
# Visual Studio Version 16
VisualStudioVersion = 25.0.1703.2
MinimumVisualStudioVersion = 10.0.40219.1
Project("{FAE04EC0-301F-11D3-BF4B-00C04F79EFBC}") = "Deliverable2", "Deliverable2\Deliverable2.csproj", "{F2CA41DB-77EC-4F10-B5C6-33D6DBED8A93}"
EndProject
Global
	GlobalSection(SolutionConfigurationPlatforms) = preSolution
		Debug|Any CPU = Debug|Any CPU
		Release|Any CPU = Release|Any CPU
	EndGlobalSection
	GlobalSection(ProjectConfigurationPlatforms) = postSolution
		{F2CA41DB-77EC-4F10-B5C6-33D6DBED8A93}.Debug|Any CPU.ActiveCfg = Debug|Any CPU
		{F2CA41DB-77EC-4F10-B5C6-33D6DBED8A93}.Debug|Any CPU.Build.0 = Debug|Any CPU
		{F2CA41DB-77EC-4F10-B5C6-33D6DBED8A93}.Release|Any CPU.ActiveCfg = Release|Any CPU
		{F2CA41DB-77EC-4F10-B5C6-33D6DBED8A93}.Release|Any CPU.Build.0 = Release|Any CPU
	EndGlobalSection
	GlobalSection(SolutionProperties) = preSolution
		HideSolutionNode = FALSE
	EndGlobalSection
	GlobalSection(ExtensibilityGlobals) = postSolution
		SolutionGuid = {6D3819DC-7DBC-4167-A962-85CF24F08425}
	EndGlobalSection
EndGlobal
